{
  "version": 4,
  "terraform_version": "1.6.1",
  "serial": 7,
  "lineage": "e169f227-bda7-742a-e7dd-583444c621bc",
  "outputs": {
    "pip": {
      "value": "azurerm_public_ip.myip00, azurerm_public_ip.myip01, azurerm_public_ip.myip02, azurerm_public_ip.myip03, azurerm_public_ip.myip04",
      "type": "string"
    }
  },
  "resources": [
    {
      "mode": "managed",
      "type": "azurerm_public_ip",
      "name": "example",
      "provider": "provider[\"registry.terraform.io/hashicorp/azurerm\"]",
      "instances": [
        {
          "index_key": 0,
          "schema_version": 0,
          "attributes": {
            "allocation_method": "Static",
            "ddos_protection_mode": "VirtualNetworkInherited",
            "ddos_protection_plan_id": null,
            "domain_name_label": null,
            "edge_zone": "",
            "fqdn": null,
            "id": "/subscriptions/2146ae1f-7d1d-4dbf-828b-54f9ca42f169/resourceGroups/myrg3/providers/Microsoft.Network/publicIPAddresses/myip0",
            "idle_timeout_in_minutes": 4,
            "ip_address": "13.93.124.231",
            "ip_tags": null,
            "ip_version": "IPv4",
            "location": "westeurope",
            "name": "myip0",
            "public_ip_prefix_id": null,
            "resource_group_name": "myrg3",
            "reverse_fqdn": null,
            "sku": "Basic",
            "sku_tier": "Regional",
            "tags": null,
            "timeouts": null,
            "zones": null
          },
          "sensitive_attributes": [],
          "private": "eyJlMmJmYjczMC1lY2FhLTExZTYtOGY4OC0zNDM2M2JjN2M0YzAiOnsiY3JlYXRlIjoxODAwMDAwMDAwMDAwLCJkZWxldGUiOjE4MDAwMDAwMDAwMDAsInJlYWQiOjMwMDAwMDAwMDAwMCwidXBkYXRlIjoxODAwMDAwMDAwMDAwfX0=",
          "dependencies": [
            "azurerm_resource_group.example"
          ]
        },
        {
          "index_key": 1,
          "schema_version": 0,
          "attributes": {
            "allocation_method": "Static",
            "ddos_protection_mode": "VirtualNetworkInherited",
            "ddos_protection_plan_id": null,
            "domain_name_label": null,
            "edge_zone": "",
            "fqdn": null,
            "id": "/subscriptions/2146ae1f-7d1d-4dbf-828b-54f9ca42f169/resourceGroups/myrg3/providers/Microsoft.Network/publicIPAddresses/myip1",
            "idle_timeout_in_minutes": 4,
            "ip_address": "13.93.124.39",
            "ip_tags": null,
            "ip_version": "IPv4",
            "location": "westeurope",
            "name": "myip1",
            "public_ip_prefix_id": null,
            "resource_group_name": "myrg3",
            "reverse_fqdn": null,
            "sku": "Basic",
            "sku_tier": "Regional",
            "tags": null,
            "timeouts": null,
            "zones": null
          },
          "sensitive_attributes": [],
          "private": "eyJlMmJmYjczMC1lY2FhLTExZTYtOGY4OC0zNDM2M2JjN2M0YzAiOnsiY3JlYXRlIjoxODAwMDAwMDAwMDAwLCJkZWxldGUiOjE4MDAwMDAwMDAwMDAsInJlYWQiOjMwMDAwMDAwMDAwMCwidXBkYXRlIjoxODAwMDAwMDAwMDAwfX0=",
          "dependencies": [
            "azurerm_resource_group.example"
          ]
        },
        {
          "index_key": 2,
          "schema_version": 0,
          "attributes": {
            "allocation_method": "Static",
            "ddos_protection_mode": "VirtualNetworkInherited",
            "ddos_protection_plan_id": null,
            "domain_name_label": null,
            "edge_zone": "",
            "fqdn": null,
            "id": "/subscriptions/2146ae1f-7d1d-4dbf-828b-54f9ca42f169/resourceGroups/myrg3/providers/Microsoft.Network/publicIPAddresses/myip2",
            "idle_timeout_in_minutes": 4,
            "ip_address": "13.93.124.230",
            "ip_tags": null,
            "ip_version": "IPv4",
            "location": "westeurope",
            "name": "myip2",
            "public_ip_prefix_id": null,
            "resource_group_name": "myrg3",
            "reverse_fqdn": null,
            "sku": "Basic",
            "sku_tier": "Regional",
            "tags": null,
            "timeouts": null,
            "zones": null
          },
          "sensitive_attributes": [],
          "private": "eyJlMmJmYjczMC1lY2FhLTExZTYtOGY4OC0zNDM2M2JjN2M0YzAiOnsiY3JlYXRlIjoxODAwMDAwMDAwMDAwLCJkZWxldGUiOjE4MDAwMDAwMDAwMDAsInJlYWQiOjMwMDAwMDAwMDAwMCwidXBkYXRlIjoxODAwMDAwMDAwMDAwfX0=",
          "dependencies": [
            "azurerm_resource_group.example"
          ]
        },
        {
          "index_key": 3,
          "schema_version": 0,
          "attributes": {
            "allocation_method": "Static",
            "ddos_protection_mode": "VirtualNetworkInherited",
            "ddos_protection_plan_id": null,
            "domain_name_label": null,
            "edge_zone": "",
            "fqdn": null,
            "id": "/subscriptions/2146ae1f-7d1d-4dbf-828b-54f9ca42f169/resourceGroups/myrg3/providers/Microsoft.Network/publicIPAddresses/myip3",
            "idle_timeout_in_minutes": 4,
            "ip_address": "13.93.124.71",
            "ip_tags": null,
            "ip_version": "IPv4",
            "location": "westeurope",
            "name": "myip3",
            "public_ip_prefix_id": null,
            "resource_group_name": "myrg3",
            "reverse_fqdn": null,
            "sku": "Basic",
            "sku_tier": "Regional",
            "tags": null,
            "timeouts": null,
            "zones": null
          },
          "sensitive_attributes": [],
          "private": "eyJlMmJmYjczMC1lY2FhLTExZTYtOGY4OC0zNDM2M2JjN2M0YzAiOnsiY3JlYXRlIjoxODAwMDAwMDAwMDAwLCJkZWxldGUiOjE4MDAwMDAwMDAwMDAsInJlYWQiOjMwMDAwMDAwMDAwMCwidXBkYXRlIjoxODAwMDAwMDAwMDAwfX0=",
          "dependencies": [
            "azurerm_resource_group.example"
          ]
        },
        {
          "index_key": 4,
          "schema_version": 0,
          "attributes": {
            "allocation_method": "Static",
            "ddos_protection_mode": "VirtualNetworkInherited",
            "ddos_protection_plan_id": null,
            "domain_name_label": null,
            "edge_zone": "",
            "fqdn": null,
            "id": "/subscriptions/2146ae1f-7d1d-4dbf-828b-54f9ca42f169/resourceGroups/myrg3/providers/Microsoft.Network/publicIPAddresses/myip4",
            "idle_timeout_in_minutes": 4,
            "ip_address": "13.93.125.198",
            "ip_tags": null,
            "ip_version": "IPv4",
            "location": "westeurope",
            "name": "myip4",
            "public_ip_prefix_id": null,
            "resource_group_name": "myrg3",
            "reverse_fqdn": null,
            "sku": "Basic",
            "sku_tier": "Regional",
            "tags": null,
            "timeouts": null,
            "zones": null
          },
          "sensitive_attributes": [],
          "private": "eyJlMmJmYjczMC1lY2FhLTExZTYtOGY4OC0zNDM2M2JjN2M0YzAiOnsiY3JlYXRlIjoxODAwMDAwMDAwMDAwLCJkZWxldGUiOjE4MDAwMDAwMDAwMDAsInJlYWQiOjMwMDAwMDAwMDAwMCwidXBkYXRlIjoxODAwMDAwMDAwMDAwfX0=",
          "dependencies": [
            "azurerm_resource_group.example"
          ]
        }
      ]
    },
    {
      "mode": "managed",
      "type": "azurerm_resource_group",
      "name": "example",
      "provider": "provider[\"registry.terraform.io/hashicorp/azurerm\"]",
      "instances": [
        {
          "schema_version": 0,
          "attributes": {
            "id": "/subscriptions/2146ae1f-7d1d-4dbf-828b-54f9ca42f169/resourceGroups/myrg3",
            "location": "westeurope",
            "managed_by": "",
            "name": "myrg3",
            "tags": null,
            "timeouts": null
          },
          "sensitive_attributes": [],
          "private": "eyJlMmJmYjczMC1lY2FhLTExZTYtOGY4OC0zNDM2M2JjN2M0YzAiOnsiY3JlYXRlIjo1NDAwMDAwMDAwMDAwLCJkZWxldGUiOjU0MDAwMDAwMDAwMDAsInJlYWQiOjMwMDAwMDAwMDAwMCwidXBkYXRlIjo1NDAwMDAwMDAwMDAwfX0="
        }
      ]
    }
  ],
  "check_results": null
}
