{
  "version": 4,
  "terraform_version": "1.6.1",
  "serial": 5,
  "lineage": "1ba7c525-7e66-6a5b-8d4a-50538823bb1c",
  "outputs": {
    "pip": {
      "value": [
        {
          "allocation_method": "Static",
          "ddos_protection_mode": "VirtualNetworkInherited",
          "ddos_protection_plan_id": null,
          "domain_name_label": null,
          "edge_zone": "",
          "fqdn": null,
          "id": "/subscriptions/2146ae1f-7d1d-4dbf-828b-54f9ca42f169/resourceGroups/NewRG01/providers/Microsoft.Network/publicIPAddresses/Dev-pip",
          "idle_timeout_in_minutes": 4,
          "ip_address": "20.120.11.189",
          "ip_tags": null,
          "ip_version": "IPv4",
          "location": "eastus",
          "name": "Dev-pip",
          "public_ip_prefix_id": null,
          "resource_group_name": "NewRG01",
          "reverse_fqdn": null,
          "sku": "Basic",
          "sku_tier": "Regional",
          "tags": null,
          "timeouts": null,
          "zones": null
        },
        {
          "allocation_method": "Static",
          "ddos_protection_mode": "VirtualNetworkInherited",
          "ddos_protection_plan_id": null,
          "domain_name_label": null,
          "edge_zone": "",
          "fqdn": null,
          "id": "/subscriptions/2146ae1f-7d1d-4dbf-828b-54f9ca42f169/resourceGroups/NewRG01/providers/Microsoft.Network/publicIPAddresses/UAT-pip",
          "idle_timeout_in_minutes": 4,
          "ip_address": "20.120.8.96",
          "ip_tags": null,
          "ip_version": "IPv4",
          "location": "eastus",
          "name": "UAT-pip",
          "public_ip_prefix_id": null,
          "resource_group_name": "NewRG01",
          "reverse_fqdn": null,
          "sku": "Basic",
          "sku_tier": "Regional",
          "tags": null,
          "timeouts": null,
          "zones": null
        },
        {
          "allocation_method": "Static",
          "ddos_protection_mode": "VirtualNetworkInherited",
          "ddos_protection_plan_id": null,
          "domain_name_label": null,
          "edge_zone": "",
          "fqdn": null,
          "id": "/subscriptions/2146ae1f-7d1d-4dbf-828b-54f9ca42f169/resourceGroups/NewRG01/providers/Microsoft.Network/publicIPAddresses/Prod-pip",
          "idle_timeout_in_minutes": 4,
          "ip_address": "20.127.31.248",
          "ip_tags": null,
          "ip_version": "IPv4",
          "location": "eastus",
          "name": "Prod-pip",
          "public_ip_prefix_id": null,
          "resource_group_name": "NewRG01",
          "reverse_fqdn": null,
          "sku": "Basic",
          "sku_tier": "Regional",
          "tags": null,
          "timeouts": null,
          "zones": null
        }
      ],
      "type": [
        "tuple",
        [
          [
            "object",
            {
              "allocation_method": "string",
              "ddos_protection_mode": "string",
              "ddos_protection_plan_id": "string",
              "domain_name_label": "string",
              "edge_zone": "string",
              "fqdn": "string",
              "id": "string",
              "idle_timeout_in_minutes": "number",
              "ip_address": "string",
              "ip_tags": [
                "map",
                "string"
              ],
              "ip_version": "string",
              "location": "string",
              "name": "string",
              "public_ip_prefix_id": "string",
              "resource_group_name": "string",
              "reverse_fqdn": "string",
              "sku": "string",
              "sku_tier": "string",
              "tags": [
                "map",
                "string"
              ],
              "timeouts": [
                "object",
                {
                  "create": "string",
                  "delete": "string",
                  "read": "string",
                  "update": "string"
                }
              ],
              "zones": [
                "set",
                "string"
              ]
            }
          ],
          [
            "object",
            {
              "allocation_method": "string",
              "ddos_protection_mode": "string",
              "ddos_protection_plan_id": "string",
              "domain_name_label": "string",
              "edge_zone": "string",
              "fqdn": "string",
              "id": "string",
              "idle_timeout_in_minutes": "number",
              "ip_address": "string",
              "ip_tags": [
                "map",
                "string"
              ],
              "ip_version": "string",
              "location": "string",
              "name": "string",
              "public_ip_prefix_id": "string",
              "resource_group_name": "string",
              "reverse_fqdn": "string",
              "sku": "string",
              "sku_tier": "string",
              "tags": [
                "map",
                "string"
              ],
              "timeouts": [
                "object",
                {
                  "create": "string",
                  "delete": "string",
                  "read": "string",
                  "update": "string"
                }
              ],
              "zones": [
                "set",
                "string"
              ]
            }
          ],
          [
            "object",
            {
              "allocation_method": "string",
              "ddos_protection_mode": "string",
              "ddos_protection_plan_id": "string",
              "domain_name_label": "string",
              "edge_zone": "string",
              "fqdn": "string",
              "id": "string",
              "idle_timeout_in_minutes": "number",
              "ip_address": "string",
              "ip_tags": [
                "map",
                "string"
              ],
              "ip_version": "string",
              "location": "string",
              "name": "string",
              "public_ip_prefix_id": "string",
              "resource_group_name": "string",
              "reverse_fqdn": "string",
              "sku": "string",
              "sku_tier": "string",
              "tags": [
                "map",
                "string"
              ],
              "timeouts": [
                "object",
                {
                  "create": "string",
                  "delete": "string",
                  "read": "string",
                  "update": "string"
                }
              ],
              "zones": [
                "set",
                "string"
              ]
            }
          ]
        ]
      ]
    }
  },
  "resources": [
    {
      "mode": "managed",
      "type": "azurerm_public_ip",
      "name": "example",
      "provider": "provider[\"registry.terraform.io/hashicorp/azurerm\"]",
      "instances": [
        {
          "index_key": 0,
          "schema_version": 0,
          "attributes": {
            "allocation_method": "Static",
            "ddos_protection_mode": "VirtualNetworkInherited",
            "ddos_protection_plan_id": null,
            "domain_name_label": null,
            "edge_zone": "",
            "fqdn": null,
            "id": "/subscriptions/2146ae1f-7d1d-4dbf-828b-54f9ca42f169/resourceGroups/NewRG01/providers/Microsoft.Network/publicIPAddresses/Dev-pip",
            "idle_timeout_in_minutes": 4,
            "ip_address": "20.120.11.189",
            "ip_tags": null,
            "ip_version": "IPv4",
            "location": "eastus",
            "name": "Dev-pip",
            "public_ip_prefix_id": null,
            "resource_group_name": "NewRG01",
            "reverse_fqdn": null,
            "sku": "Basic",
            "sku_tier": "Regional",
            "tags": null,
            "timeouts": null,
            "zones": null
          },
          "sensitive_attributes": [],
          "private": "eyJlMmJmYjczMC1lY2FhLTExZTYtOGY4OC0zNDM2M2JjN2M0YzAiOnsiY3JlYXRlIjoxODAwMDAwMDAwMDAwLCJkZWxldGUiOjE4MDAwMDAwMDAwMDAsInJlYWQiOjMwMDAwMDAwMDAwMCwidXBkYXRlIjoxODAwMDAwMDAwMDAwfX0=",
          "dependencies": [
            "azurerm_resource_group.example"
          ]
        },
        {
          "index_key": 1,
          "schema_version": 0,
          "attributes": {
            "allocation_method": "Static",
            "ddos_protection_mode": "VirtualNetworkInherited",
            "ddos_protection_plan_id": null,
            "domain_name_label": null,
            "edge_zone": "",
            "fqdn": null,
            "id": "/subscriptions/2146ae1f-7d1d-4dbf-828b-54f9ca42f169/resourceGroups/NewRG01/providers/Microsoft.Network/publicIPAddresses/UAT-pip",
            "idle_timeout_in_minutes": 4,
            "ip_address": "20.120.8.96",
            "ip_tags": null,
            "ip_version": "IPv4",
            "location": "eastus",
            "name": "UAT-pip",
            "public_ip_prefix_id": null,
            "resource_group_name": "NewRG01",
            "reverse_fqdn": null,
            "sku": "Basic",
            "sku_tier": "Regional",
            "tags": null,
            "timeouts": null,
            "zones": null
          },
          "sensitive_attributes": [],
          "private": "eyJlMmJmYjczMC1lY2FhLTExZTYtOGY4OC0zNDM2M2JjN2M0YzAiOnsiY3JlYXRlIjoxODAwMDAwMDAwMDAwLCJkZWxldGUiOjE4MDAwMDAwMDAwMDAsInJlYWQiOjMwMDAwMDAwMDAwMCwidXBkYXRlIjoxODAwMDAwMDAwMDAwfX0=",
          "dependencies": [
            "azurerm_resource_group.example"
          ]
        },
        {
          "index_key": 2,
          "schema_version": 0,
          "attributes": {
            "allocation_method": "Static",
            "ddos_protection_mode": "VirtualNetworkInherited",
            "ddos_protection_plan_id": null,
            "domain_name_label": null,
            "edge_zone": "",
            "fqdn": null,
            "id": "/subscriptions/2146ae1f-7d1d-4dbf-828b-54f9ca42f169/resourceGroups/NewRG01/providers/Microsoft.Network/publicIPAddresses/Prod-pip",
            "idle_timeout_in_minutes": 4,
            "ip_address": "20.127.31.248",
            "ip_tags": null,
            "ip_version": "IPv4",
            "location": "eastus",
            "name": "Prod-pip",
            "public_ip_prefix_id": null,
            "resource_group_name": "NewRG01",
            "reverse_fqdn": null,
            "sku": "Basic",
            "sku_tier": "Regional",
            "tags": null,
            "timeouts": null,
            "zones": null
          },
          "sensitive_attributes": [],
          "private": "eyJlMmJmYjczMC1lY2FhLTExZTYtOGY4OC0zNDM2M2JjN2M0YzAiOnsiY3JlYXRlIjoxODAwMDAwMDAwMDAwLCJkZWxldGUiOjE4MDAwMDAwMDAwMDAsInJlYWQiOjMwMDAwMDAwMDAwMCwidXBkYXRlIjoxODAwMDAwMDAwMDAwfX0=",
          "dependencies": [
            "azurerm_resource_group.example"
          ]
        }
      ]
    },
    {
      "mode": "managed",
      "type": "azurerm_resource_group",
      "name": "example",
      "provider": "provider[\"registry.terraform.io/hashicorp/azurerm\"]",
      "instances": [
        {
          "schema_version": 0,
          "attributes": {
            "id": "/subscriptions/2146ae1f-7d1d-4dbf-828b-54f9ca42f169/resourceGroups/NewRG01",
            "location": "eastus",
            "managed_by": "",
            "name": "NewRG01",
            "tags": null,
            "timeouts": null
          },
          "sensitive_attributes": [],
          "private": "eyJlMmJmYjczMC1lY2FhLTExZTYtOGY4OC0zNDM2M2JjN2M0YzAiOnsiY3JlYXRlIjo1NDAwMDAwMDAwMDAwLCJkZWxldGUiOjU0MDAwMDAwMDAwMDAsInJlYWQiOjMwMDAwMDAwMDAwMCwidXBkYXRlIjo1NDAwMDAwMDAwMDAwfX0="
        }
      ]
    }
  ],
  "check_results": null
}
