{
  "version": 4,
  "terraform_version": "1.6.1",
  "serial": 6,
  "lineage": "7dd40679-219d-c968-4473-c7d89e93650c",
  "outputs": {},
  "resources": [
    {
      "module": "module.xyz",
      "mode": "managed",
      "type": "azurerm_network_interface",
      "name": "example",
      "provider": "provider[\"registry.terraform.io/hashicorp/azurerm\"]",
      "instances": [
        {
          "schema_version": 0,
          "attributes": {
            "applied_dns_servers": [],
            "auxiliary_mode": "",
            "auxiliary_sku": "",
            "dns_servers": [],
            "edge_zone": "",
            "enable_accelerated_networking": false,
            "enable_ip_forwarding": false,
            "id": "/subscriptions/2146ae1f-7d1d-4dbf-828b-54f9ca42f169/resourceGroups/kibb-rg/providers/Microsoft.Network/networkInterfaces/kibb-nic",
            "internal_dns_name_label": "",
            "internal_domain_name_suffix": "m2q4t2phvsdunk3mmzno201xuc.ax.internal.cloudapp.net",
            "ip_configuration": [
              {
                "gateway_load_balancer_frontend_ip_configuration_id": "",
                "name": "internal",
                "primary": true,
                "private_ip_address": "10.0.2.4",
                "private_ip_address_allocation": "Dynamic",
                "private_ip_address_version": "IPv4",
                "public_ip_address_id": "",
                "subnet_id": "/subscriptions/2146ae1f-7d1d-4dbf-828b-54f9ca42f169/resourceGroups/kibb-rg/providers/Microsoft.Network/virtualNetworks/kibb-vnet/subnets/kibb-subnet"
              }
            ],
            "location": "westeurope",
            "mac_address": "",
            "name": "kibb-nic",
            "private_ip_address": "10.0.2.4",
            "private_ip_addresses": [
              "10.0.2.4"
            ],
            "resource_group_name": "kibb-rg",
            "tags": null,
            "timeouts": null,
            "virtual_machine_id": ""
          },
          "sensitive_attributes": [],
          "private": "eyJlMmJmYjczMC1lY2FhLTExZTYtOGY4OC0zNDM2M2JjN2M0YzAiOnsiY3JlYXRlIjoxODAwMDAwMDAwMDAwLCJkZWxldGUiOjE4MDAwMDAwMDAwMDAsInJlYWQiOjMwMDAwMDAwMDAwMCwidXBkYXRlIjoxODAwMDAwMDAwMDAwfX0=",
          "dependencies": [
            "module.xyz.azurerm_resource_group.example",
            "module.xyz.azurerm_subnet.example",
            "module.xyz.azurerm_virtual_network.example"
          ]
        }
      ]
    },
    {
      "module": "module.xyz",
      "mode": "managed",
      "type": "azurerm_resource_group",
      "name": "example",
      "provider": "provider[\"registry.terraform.io/hashicorp/azurerm\"]",
      "instances": [
        {
          "schema_version": 0,
          "attributes": {
            "id": "/subscriptions/2146ae1f-7d1d-4dbf-828b-54f9ca42f169/resourceGroups/kibb-rg",
            "location": "westeurope",
            "managed_by": "",
            "name": "kibb-rg",
            "tags": null,
            "timeouts": null
          },
          "sensitive_attributes": [],
          "private": "eyJlMmJmYjczMC1lY2FhLTExZTYtOGY4OC0zNDM2M2JjN2M0YzAiOnsiY3JlYXRlIjo1NDAwMDAwMDAwMDAwLCJkZWxldGUiOjU0MDAwMDAwMDAwMDAsInJlYWQiOjMwMDAwMDAwMDAwMCwidXBkYXRlIjo1NDAwMDAwMDAwMDAwfX0="
        }
      ]
    },
    {
      "module": "module.xyz",
      "mode": "managed",
      "type": "azurerm_subnet",
      "name": "example",
      "provider": "provider[\"registry.terraform.io/hashicorp/azurerm\"]",
      "instances": [
        {
          "schema_version": 0,
          "attributes": {
            "address_prefixes": [
              "10.0.2.0/24"
            ],
            "delegation": [],
            "enforce_private_link_endpoint_network_policies": false,
            "enforce_private_link_service_network_policies": false,
            "id": "/subscriptions/2146ae1f-7d1d-4dbf-828b-54f9ca42f169/resourceGroups/kibb-rg/providers/Microsoft.Network/virtualNetworks/kibb-vnet/subnets/kibb-subnet",
            "name": "kibb-subnet",
            "private_endpoint_network_policies_enabled": true,
            "private_link_service_network_policies_enabled": true,
            "resource_group_name": "kibb-rg",
            "service_endpoint_policy_ids": null,
            "service_endpoints": null,
            "timeouts": null,
            "virtual_network_name": "kibb-vnet"
          },
          "sensitive_attributes": [],
          "private": "eyJlMmJmYjczMC1lY2FhLTExZTYtOGY4OC0zNDM2M2JjN2M0YzAiOnsiY3JlYXRlIjoxODAwMDAwMDAwMDAwLCJkZWxldGUiOjE4MDAwMDAwMDAwMDAsInJlYWQiOjMwMDAwMDAwMDAwMCwidXBkYXRlIjoxODAwMDAwMDAwMDAwfX0=",
          "dependencies": [
            "module.xyz.azurerm_resource_group.example",
            "module.xyz.azurerm_virtual_network.example"
          ]
        }
      ]
    },
    {
      "module": "module.xyz",
      "mode": "managed",
      "type": "azurerm_virtual_network",
      "name": "example",
      "provider": "provider[\"registry.terraform.io/hashicorp/azurerm\"]",
      "instances": [
        {
          "schema_version": 0,
          "attributes": {
            "address_space": [
              "10.0.0.0/16"
            ],
            "bgp_community": "",
            "ddos_protection_plan": [],
            "dns_servers": [],
            "edge_zone": "",
            "encryption": [],
            "flow_timeout_in_minutes": 0,
            "guid": "f1e92167-ace7-4687-abac-665aee6b77a2",
            "id": "/subscriptions/2146ae1f-7d1d-4dbf-828b-54f9ca42f169/resourceGroups/kibb-rg/providers/Microsoft.Network/virtualNetworks/kibb-vnet",
            "location": "westeurope",
            "name": "kibb-vnet",
            "resource_group_name": "kibb-rg",
            "subnet": [],
            "tags": null,
            "timeouts": null
          },
          "sensitive_attributes": [],
          "private": "eyJlMmJmYjczMC1lY2FhLTExZTYtOGY4OC0zNDM2M2JjN2M0YzAiOnsiY3JlYXRlIjoxODAwMDAwMDAwMDAwLCJkZWxldGUiOjE4MDAwMDAwMDAwMDAsInJlYWQiOjMwMDAwMDAwMDAwMCwidXBkYXRlIjoxODAwMDAwMDAwMDAwfX0=",
          "dependencies": [
            "module.xyz.azurerm_resource_group.example"
          ]
        }
      ]
    },
    {
      "module": "module.xyz",
      "mode": "managed",
      "type": "azurerm_windows_virtual_machine",
      "name": "example",
      "provider": "provider[\"registry.terraform.io/hashicorp/azurerm\"]",
      "instances": [
        {
          "schema_version": 0,
          "attributes": {
            "additional_capabilities": [],
            "additional_unattend_content": [],
            "admin_password": "P@$$w0rd1234!",
            "admin_username": "adminuser",
            "allow_extension_operations": true,
            "availability_set_id": "",
            "boot_diagnostics": [],
            "bypass_platform_safety_checks_on_user_schedule_enabled": false,
            "capacity_reservation_group_id": "",
            "computer_name": "kibb-vm",
            "custom_data": null,
            "dedicated_host_group_id": "",
            "dedicated_host_id": "",
            "edge_zone": "",
            "enable_automatic_updates": true,
            "encryption_at_host_enabled": false,
            "eviction_policy": "",
            "extensions_time_budget": "PT1H30M",
            "gallery_application": [],
            "hotpatching_enabled": false,
            "id": "/subscriptions/2146ae1f-7d1d-4dbf-828b-54f9ca42f169/resourceGroups/kibb-rg/providers/Microsoft.Compute/virtualMachines/kibb-vm",
            "identity": [],
            "license_type": "",
            "location": "westeurope",
            "max_bid_price": -1,
            "name": "kibb-vm",
            "network_interface_ids": [
              "/subscriptions/2146ae1f-7d1d-4dbf-828b-54f9ca42f169/resourceGroups/kibb-rg/providers/Microsoft.Network/networkInterfaces/kibb-nic"
            ],
            "os_disk": [
              {
                "caching": "ReadWrite",
                "diff_disk_settings": [],
                "disk_encryption_set_id": "",
                "disk_size_gb": 127,
                "name": "kibb-vm_OsDisk_1_2bd4337e36154ac88dc7f9503259a26b",
                "secure_vm_disk_encryption_set_id": "",
                "security_encryption_type": "",
                "storage_account_type": "Standard_LRS",
                "write_accelerator_enabled": false
              }
            ],
            "patch_assessment_mode": "ImageDefault",
            "patch_mode": "AutomaticByOS",
            "plan": [],
            "platform_fault_domain": -1,
            "priority": "Regular",
            "private_ip_address": "10.0.2.4",
            "private_ip_addresses": [
              "10.0.2.4"
            ],
            "provision_vm_agent": true,
            "proximity_placement_group_id": "",
            "public_ip_address": "",
            "public_ip_addresses": [],
            "reboot_setting": "",
            "resource_group_name": "kibb-rg",
            "secret": [],
            "secure_boot_enabled": false,
            "size": "Standard_F2",
            "source_image_id": "",
            "source_image_reference": [
              {
                "offer": "WindowsServer",
                "publisher": "MicrosoftWindowsServer",
                "sku": "2016-Datacenter",
                "version": "latest"
              }
            ],
            "tags": null,
            "termination_notification": null,
            "timeouts": null,
            "timezone": "",
            "user_data": "",
            "virtual_machine_id": "87a0587a-499a-4f03-9cda-05a79e272f92",
            "virtual_machine_scale_set_id": "",
            "vtpm_enabled": false,
            "winrm_listener": [],
            "zone": ""
          },
          "sensitive_attributes": [],
          "private": "eyJlMmJmYjczMC1lY2FhLTExZTYtOGY4OC0zNDM2M2JjN2M0YzAiOnsiY3JlYXRlIjoyNzAwMDAwMDAwMDAwLCJkZWxldGUiOjI3MDAwMDAwMDAwMDAsInJlYWQiOjMwMDAwMDAwMDAwMCwidXBkYXRlIjoyNzAwMDAwMDAwMDAwfX0=",
          "dependencies": [
            "module.xyz.azurerm_network_interface.example",
            "module.xyz.azurerm_resource_group.example",
            "module.xyz.azurerm_subnet.example",
            "module.xyz.azurerm_virtual_network.example"
          ]
        }
      ]
    }
  ],
  "check_results": null
}
