{
  "version": 4,
  "terraform_version": "1.6.1",
  "serial": 4,
  "lineage": "0790e785-10e6-eb7c-977e-08a3b6af7d88",
  "outputs": {
    "publicip": {
      "value": {
        "allocation_method": "Static",
        "ddos_protection_mode": "VirtualNetworkInherited",
        "ddos_protection_plan_id": null,
        "domain_name_label": null,
        "edge_zone": "",
        "fqdn": null,
        "id": "/subscriptions/2146ae1f-7d1d-4dbf-828b-54f9ca42f169/resourceGroups/rg1/providers/Microsoft.Network/publicIPAddresses/pip1",
        "idle_timeout_in_minutes": 4,
        "ip_address": "4.194.94.153",
        "ip_tags": {},
        "ip_version": "IPv4",
        "location": "southeastasia",
        "name": "pip1",
        "public_ip_prefix_id": null,
        "resource_group_name": "rg1",
        "reverse_fqdn": null,
        "sku": "Basic",
        "sku_tier": "Regional",
        "tags": {},
        "timeouts": null,
        "zones": []
      },
      "type": [
        "object",
        {
          "allocation_method": "string",
          "ddos_protection_mode": "string",
          "ddos_protection_plan_id": "string",
          "domain_name_label": "string",
          "edge_zone": "string",
          "fqdn": "string",
          "id": "string",
          "idle_timeout_in_minutes": "number",
          "ip_address": "string",
          "ip_tags": [
            "map",
            "string"
          ],
          "ip_version": "string",
          "location": "string",
          "name": "string",
          "public_ip_prefix_id": "string",
          "resource_group_name": "string",
          "reverse_fqdn": "string",
          "sku": "string",
          "sku_tier": "string",
          "tags": [
            "map",
            "string"
          ],
          "timeouts": [
            "object",
            {
              "create": "string",
              "delete": "string",
              "read": "string",
              "update": "string"
            }
          ],
          "zones": [
            "set",
            "string"
          ]
        }
      ]
    },
    "resourcegroup": {
      "value": {
        "id": "/subscriptions/2146ae1f-7d1d-4dbf-828b-54f9ca42f169/resourceGroups/rg1",
        "location": "southeastasia",
        "managed_by": "",
        "name": "rg1",
        "tags": {},
        "timeouts": null
      },
      "type": [
        "object",
        {
          "id": "string",
          "location": "string",
          "managed_by": "string",
          "name": "string",
          "tags": [
            "map",
            "string"
          ],
          "timeouts": [
            "object",
            {
              "create": "string",
              "delete": "string",
              "read": "string",
              "update": "string"
            }
          ]
        }
      ]
    }
  },
  "resources": [
    {
      "mode": "managed",
      "type": "azurerm_public_ip",
      "name": "pip",
      "provider": "provider[\"registry.terraform.io/hashicorp/azurerm\"]",
      "instances": [
        {
          "schema_version": 0,
          "attributes": {
            "allocation_method": "Static",
            "ddos_protection_mode": "VirtualNetworkInherited",
            "ddos_protection_plan_id": null,
            "domain_name_label": null,
            "edge_zone": "",
            "fqdn": null,
            "id": "/subscriptions/2146ae1f-7d1d-4dbf-828b-54f9ca42f169/resourceGroups/rg1/providers/Microsoft.Network/publicIPAddresses/pip1",
            "idle_timeout_in_minutes": 4,
            "ip_address": "4.194.94.153",
            "ip_tags": {},
            "ip_version": "IPv4",
            "location": "southeastasia",
            "name": "pip1",
            "public_ip_prefix_id": null,
            "resource_group_name": "rg1",
            "reverse_fqdn": null,
            "sku": "Basic",
            "sku_tier": "Regional",
            "tags": {},
            "timeouts": null,
            "zones": []
          },
          "sensitive_attributes": [],
          "private": "eyJlMmJmYjczMC1lY2FhLTExZTYtOGY4OC0zNDM2M2JjN2M0YzAiOnsiY3JlYXRlIjoxODAwMDAwMDAwMDAwLCJkZWxldGUiOjE4MDAwMDAwMDAwMDAsInJlYWQiOjMwMDAwMDAwMDAwMCwidXBkYXRlIjoxODAwMDAwMDAwMDAwfX0=",
          "dependencies": [
            "azurerm_resource_group.resourceGroup01"
          ]
        }
      ]
    },
    {
      "mode": "managed",
      "type": "azurerm_resource_group",
      "name": "resourceGroup01",
      "provider": "provider[\"registry.terraform.io/hashicorp/azurerm\"]",
      "instances": [
        {
          "schema_version": 0,
          "attributes": {
            "id": "/subscriptions/2146ae1f-7d1d-4dbf-828b-54f9ca42f169/resourceGroups/rg1",
            "location": "southeastasia",
            "managed_by": "",
            "name": "rg1",
            "tags": {},
            "timeouts": null
          },
          "sensitive_attributes": [],
          "private": "eyJlMmJmYjczMC1lY2FhLTExZTYtOGY4OC0zNDM2M2JjN2M0YzAiOnsiY3JlYXRlIjo1NDAwMDAwMDAwMDAwLCJkZWxldGUiOjU0MDAwMDAwMDAwMDAsInJlYWQiOjMwMDAwMDAwMDAwMCwidXBkYXRlIjo1NDAwMDAwMDAwMDAwfX0="
        }
      ]
    }
  ],
  "check_results": null
}
